
Microsoft Visual Studio Solution File, Format Version 12.00
# Visual Studio 15
VisualStudioVersion = 15.0.28010.2041
MinimumVisualStudioVersion = 10.0.40219.1
Project("{FAE04EC0-301F-11D3-BF4B-00C04F79EFBC}") = "Vinance.Api", "Vinance.Api\Vinance.Api.csproj", "{0ABCE4CD-AB8A-4D76-8982-EA30167CA65C}"
EndProject
Project("{FAE04EC0-301F-11D3-BF4B-00C04F79EFBC}") = "Vinance.Data", "Vinance.Data\Vinance.Data.csproj", "{94586C04-F611-4534-9C8B-181C20926D9A}"
EndProject
Project("{FAE04EC0-301F-11D3-BF4B-00C04F79EFBC}") = "Vinance.Logic", "Vinance.Logic\Vinance.Logic.csproj", "{73126BEB-3D3D-4623-8FC1-DFAAE7F18D68}"
EndProject
Project("{FAE04EC0-301F-11D3-BF4B-00C04F79EFBC}") = "Vinance.Contracts", "Vinance.Contracts\Vinance.Contracts.csproj", "{4110628A-E818-4F3D-9F89-A0B34D40FD9F}"
EndProject
Global
	GlobalSection(SolutionConfigurationPlatforms) = preSolution
		Debug|Any CPU = Debug|Any CPU
		Release|Any CPU = Release|Any CPU
	EndGlobalSection
	GlobalSection(ProjectConfigurationPlatforms) = postSolution
		{0ABCE4CD-AB8A-4D76-8982-EA30167CA65C}.Debug|Any CPU.ActiveCfg = Debug|Any CPU
		{0ABCE4CD-AB8A-4D76-8982-EA30167CA65C}.Debug|Any CPU.Build.0 = Debug|Any CPU
		{0ABCE4CD-AB8A-4D76-8982-EA30167CA65C}.Release|Any CPU.ActiveCfg = Release|Any CPU
		{0ABCE4CD-AB8A-4D76-8982-EA30167CA65C}.Release|Any CPU.Build.0 = Release|Any CPU
		{94586C04-F611-4534-9C8B-181C20926D9A}.Debug|Any CPU.ActiveCfg = Debug|Any CPU
		{94586C04-F611-4534-9C8B-181C20926D9A}.Debug|Any CPU.Build.0 = Debug|Any CPU
		{94586C04-F611-4534-9C8B-181C20926D9A}.Release|Any CPU.ActiveCfg = Release|Any CPU
		{94586C04-F611-4534-9C8B-181C20926D9A}.Release|Any CPU.Build.0 = Release|Any CPU
		{73126BEB-3D3D-4623-8FC1-DFAAE7F18D68}.Debug|Any CPU.ActiveCfg = Debug|Any CPU
		{73126BEB-3D3D-4623-8FC1-DFAAE7F18D68}.Debug|Any CPU.Build.0 = Debug|Any CPU
		{73126BEB-3D3D-4623-8FC1-DFAAE7F18D68}.Release|Any CPU.ActiveCfg = Release|Any CPU
		{73126BEB-3D3D-4623-8FC1-DFAAE7F18D68}.Release|Any CPU.Build.0 = Release|Any CPU
		{4110628A-E818-4F3D-9F89-A0B34D40FD9F}.Debug|Any CPU.ActiveCfg = Debug|Any CPU
		{4110628A-E818-4F3D-9F89-A0B34D40FD9F}.Debug|Any CPU.Build.0 = Debug|Any CPU
		{4110628A-E818-4F3D-9F89-A0B34D40FD9F}.Release|Any CPU.ActiveCfg = Release|Any CPU
		{4110628A-E818-4F3D-9F89-A0B34D40FD9F}.Release|Any CPU.Build.0 = Release|Any CPU
	EndGlobalSection
	GlobalSection(SolutionProperties) = preSolution
		HideSolutionNode = FALSE
	EndGlobalSection
	GlobalSection(ExtensibilityGlobals) = postSolution
		SolutionGuid = {AF149A56-85E8-4F22-9188-D3BD58520894}
	EndGlobalSection
EndGlobal
